
Microsoft Visual Studio Solution File, Format Version 12.00
# Visual Studio 15
VisualStudioVersion = 15.0.28307.489
MinimumVisualStudioVersion = 10.0.40219.1
Project("{8BC9CEB8-8B4A-11D0-8D11-00A0C91BC942}") = "FrameParse", "FrameParse\FrameParse.vcxproj", "{A8E7048D-8748-4D0C-A424-8332ACCA6513}"
EndProject
Project("{8BC9CEB8-8B4A-11D0-8D11-00A0C91BC942}") = "PrepareInput", "PrepareInput\PrepareInput.vcxproj", "{41C56C18-974F-4734-9DA1-15C80D6E92B8}"
EndProject
Project("{8BC9CEB8-8B4A-11D0-8D11-00A0C91BC942}") = "FileOp", "FileOp\FileOp.vcxproj", "{6B6B0DB5-3C54-46C0-9AD8-BCB40B464F3E}"
EndProject
Project("{8BC9CEB8-8B4A-11D0-8D11-00A0C91BC942}") = "Project1", "Project1\Project1.vcxproj", "{AE9A416F-A267-4416-9F8C-513D6A0924EF}"
EndProject
Project("{8BC9CEB8-8B4A-11D0-8D11-00A0C91BC942}") = "seekptest", "seekptest\seekptest.vcxproj", "{19753E87-05BB-4FFA-B41C-A6A81162C579}"
EndProject
Project("{8BC9CEB8-8B4A-11D0-8D11-00A0C91BC942}") = "CrcEncode", "CrcEncode\CrcEncode.vcxproj", "{6965C687-6E80-4008-ADB4-2008D6C96617}"
EndProject
Project("{8BC9CEB8-8B4A-11D0-8D11-00A0C91BC942}") = "IpAddress", "IpAddress\IpAddress.vcxproj", "{D76D35F8-1029-424A-BDB1-DE99069D590B}"
EndProject
Project("{8BC9CEB8-8B4A-11D0-8D11-00A0C91BC942}") = "GetHost", "GetHost\GetHost.vcxproj", "{9B1A8D61-CC76-4E4E-A0CD-9E4FE0C99701}"
EndProject
Project("{8BC9CEB8-8B4A-11D0-8D11-00A0C91BC942}") = "makeword", "makeword\makeword.vcxproj", "{F415C1B9-61C2-4A3A-BEEA-C8E491431D3E}"
EndProject
Project("{8BC9CEB8-8B4A-11D0-8D11-00A0C91BC942}") = "PackParse", "PackParse\PackParse.vcxproj", "{8D9DAE4A-A5DD-441D-8498-E3F8368125E8}"
EndProject
Project("{8BC9CEB8-8B4A-11D0-8D11-00A0C91BC942}") = "Pack", "Pack\Pack.vcxproj", "{CA79F1B2-F2AD-4F61-8E61-F0D9CCAF2DE6}"
EndProject
Project("{8BC9CEB8-8B4A-11D0-8D11-00A0C91BC942}") = "PackFrag", "PackFrag\PackFrag.vcxproj", "{95AEACF3-8930-495A-AC9E-55C82650C0AE}"
EndProject
Project("{8BC9CEB8-8B4A-11D0-8D11-00A0C91BC942}") = "ch8Ipv6Encap", "ch-8-Ipv6Encap\ch-8-Ipv6Encap.vcxproj", "{4C942BFD-298F-412E-B4D5-3DF1DB183517}"
EndProject
Project("{8BC9CEB8-8B4A-11D0-8D11-00A0C91BC942}") = "Ch-9-ScanHost", "Ch-9-ScanHost\Ch-9-ScanHost.vcxproj", "{FFB5FF5D-3EA3-45F4-8BB6-AD98C38DA29C}"
EndProject
Project("{8BC9CEB8-8B4A-11D0-8D11-00A0C91BC942}") = "HeadChecksum", "HeadChecksum\HeadChecksum.vcxproj", "{66A30A34-6546-4442-A88B-4436FCA23A9C}"
EndProject
Project("{8BC9CEB8-8B4A-11D0-8D11-00A0C91BC942}") = "ch10ScanPort", "ch10ScanPort\ch10ScanPort.vcxproj", "{2E94DEB0-1EF4-4C2A-A788-3BD859624795}"
EndProject
Project("{8BC9CEB8-8B4A-11D0-8D11-00A0C91BC942}") = "ch11TcpEncap", "ch11TcpEncap\ch11TcpEncap.vcxproj", "{F29A7432-D762-4B0C-88E4-2533BF5B8FBB}"
EndProject
Project("{8BC9CEB8-8B4A-11D0-8D11-00A0C91BC942}") = "ch12TCPServer", "ch12TCPServer\ch12TCPServer.vcxproj", "{89CD0633-DA0C-4029-9794-9DB1D708A8E8}"
EndProject
Project("{8BC9CEB8-8B4A-11D0-8D11-00A0C91BC942}") = "ch13UdpServer", "ch13UdpServer\ch13UdpServer.vcxproj", "{9961466A-692B-4609-84F0-A2A8EA70A5FA}"
EndProject
Project("{8BC9CEB8-8B4A-11D0-8D11-00A0C91BC942}") = "ch14FtpClient", "ch14FtpClient\ch14FtpClient.vcxproj", "{B6F2742B-DA70-475F-9A5B-E2431548724C}"
EndProject
Project("{8BC9CEB8-8B4A-11D0-8D11-00A0C91BC942}") = "汉字", "汉字\汉字.vcxproj", "{DE22960F-40C4-48A3-B014-911073B0AF4F}"
EndProject
Global
	GlobalSection(SolutionConfigurationPlatforms) = preSolution
		Debug|x64 = Debug|x64
		Debug|x86 = Debug|x86
		Release|x64 = Release|x64
		Release|x86 = Release|x86
	EndGlobalSection
	GlobalSection(ProjectConfigurationPlatforms) = postSolution
		{A8E7048D-8748-4D0C-A424-8332ACCA6513}.Debug|x64.ActiveCfg = Debug|x64
		{A8E7048D-8748-4D0C-A424-8332ACCA6513}.Debug|x64.Build.0 = Debug|x64
		{A8E7048D-8748-4D0C-A424-8332ACCA6513}.Debug|x86.ActiveCfg = Debug|Win32
		{A8E7048D-8748-4D0C-A424-8332ACCA6513}.Debug|x86.Build.0 = Debug|Win32
		{A8E7048D-8748-4D0C-A424-8332ACCA6513}.Release|x64.ActiveCfg = Release|x64
		{A8E7048D-8748-4D0C-A424-8332ACCA6513}.Release|x64.Build.0 = Release|x64
		{A8E7048D-8748-4D0C-A424-8332ACCA6513}.Release|x86.ActiveCfg = Release|Win32
		{A8E7048D-8748-4D0C-A424-8332ACCA6513}.Release|x86.Build.0 = Release|Win32
		{41C56C18-974F-4734-9DA1-15C80D6E92B8}.Debug|x64.ActiveCfg = Debug|x64
		{41C56C18-974F-4734-9DA1-15C80D6E92B8}.Debug|x64.Build.0 = Debug|x64
		{41C56C18-974F-4734-9DA1-15C80D6E92B8}.Debug|x86.ActiveCfg = Debug|Win32
		{41C56C18-974F-4734-9DA1-15C80D6E92B8}.Debug|x86.Build.0 = Debug|Win32
		{41C56C18-974F-4734-9DA1-15C80D6E92B8}.Release|x64.ActiveCfg = Release|x64
		{41C56C18-974F-4734-9DA1-15C80D6E92B8}.Release|x64.Build.0 = Release|x64
		{41C56C18-974F-4734-9DA1-15C80D6E92B8}.Release|x86.ActiveCfg = Release|Win32
		{41C56C18-974F-4734-9DA1-15C80D6E92B8}.Release|x86.Build.0 = Release|Win32
		{6B6B0DB5-3C54-46C0-9AD8-BCB40B464F3E}.Debug|x64.ActiveCfg = Debug|x64
		{6B6B0DB5-3C54-46C0-9AD8-BCB40B464F3E}.Debug|x64.Build.0 = Debug|x64
		{6B6B0DB5-3C54-46C0-9AD8-BCB40B464F3E}.Debug|x86.ActiveCfg = Debug|Win32
		{6B6B0DB5-3C54-46C0-9AD8-BCB40B464F3E}.Debug|x86.Build.0 = Debug|Win32
		{6B6B0DB5-3C54-46C0-9AD8-BCB40B464F3E}.Release|x64.ActiveCfg = Release|x64
		{6B6B0DB5-3C54-46C0-9AD8-BCB40B464F3E}.Release|x64.Build.0 = Release|x64
		{6B6B0DB5-3C54-46C0-9AD8-BCB40B464F3E}.Release|x86.ActiveCfg = Release|Win32
		{6B6B0DB5-3C54-46C0-9AD8-BCB40B464F3E}.Release|x86.Build.0 = Release|Win32
		{AE9A416F-A267-4416-9F8C-513D6A0924EF}.Debug|x64.ActiveCfg = Debug|x64
		{AE9A416F-A267-4416-9F8C-513D6A0924EF}.Debug|x64.Build.0 = Debug|x64
		{AE9A416F-A267-4416-9F8C-513D6A0924EF}.Debug|x86.ActiveCfg = Debug|Win32
		{AE9A416F-A267-4416-9F8C-513D6A0924EF}.Debug|x86.Build.0 = Debug|Win32
		{AE9A416F-A267-4416-9F8C-513D6A0924EF}.Release|x64.ActiveCfg = Release|x64
		{AE9A416F-A267-4416-9F8C-513D6A0924EF}.Release|x64.Build.0 = Release|x64
		{AE9A416F-A267-4416-9F8C-513D6A0924EF}.Release|x86.ActiveCfg = Release|Win32
		{AE9A416F-A267-4416-9F8C-513D6A0924EF}.Release|x86.Build.0 = Release|Win32
		{19753E87-05BB-4FFA-B41C-A6A81162C579}.Debug|x64.ActiveCfg = Debug|x64
		{19753E87-05BB-4FFA-B41C-A6A81162C579}.Debug|x64.Build.0 = Debug|x64
		{19753E87-05BB-4FFA-B41C-A6A81162C579}.Debug|x86.ActiveCfg = Debug|Win32
		{19753E87-05BB-4FFA-B41C-A6A81162C579}.Debug|x86.Build.0 = Debug|Win32
		{19753E87-05BB-4FFA-B41C-A6A81162C579}.Release|x64.ActiveCfg = Release|x64
		{19753E87-05BB-4FFA-B41C-A6A81162C579}.Release|x64.Build.0 = Release|x64
		{19753E87-05BB-4FFA-B41C-A6A81162C579}.Release|x86.ActiveCfg = Release|Win32
		{19753E87-05BB-4FFA-B41C-A6A81162C579}.Release|x86.Build.0 = Release|Win32
		{6965C687-6E80-4008-ADB4-2008D6C96617}.Debug|x64.ActiveCfg = Debug|x64
		{6965C687-6E80-4008-ADB4-2008D6C96617}.Debug|x64.Build.0 = Debug|x64
		{6965C687-6E80-4008-ADB4-2008D6C96617}.Debug|x86.ActiveCfg = Debug|Win32
		{6965C687-6E80-4008-ADB4-2008D6C96617}.Debug|x86.Build.0 = Debug|Win32
		{6965C687-6E80-4008-ADB4-2008D6C96617}.Release|x64.ActiveCfg = Release|x64
		{6965C687-6E80-4008-ADB4-2008D6C96617}.Release|x64.Build.0 = Release|x64
		{6965C687-6E80-4008-ADB4-2008D6C96617}.Release|x86.ActiveCfg = Release|Win32
		{6965C687-6E80-4008-ADB4-2008D6C96617}.Release|x86.Build.0 = Release|Win32
		{D76D35F8-1029-424A-BDB1-DE99069D590B}.Debug|x64.ActiveCfg = Debug|x64
		{D76D35F8-1029-424A-BDB1-DE99069D590B}.Debug|x64.Build.0 = Debug|x64
		{D76D35F8-1029-424A-BDB1-DE99069D590B}.Debug|x86.ActiveCfg = Debug|Win32
		{D76D35F8-1029-424A-BDB1-DE99069D590B}.Debug|x86.Build.0 = Debug|Win32
		{D76D35F8-1029-424A-BDB1-DE99069D590B}.Release|x64.ActiveCfg = Release|x64
		{D76D35F8-1029-424A-BDB1-DE99069D590B}.Release|x64.Build.0 = Release|x64
		{D76D35F8-1029-424A-BDB1-DE99069D590B}.Release|x86.ActiveCfg = Release|Win32
		{D76D35F8-1029-424A-BDB1-DE99069D590B}.Release|x86.Build.0 = Release|Win32
		{9B1A8D61-CC76-4E4E-A0CD-9E4FE0C99701}.Debug|x64.ActiveCfg = Debug|x64
		{9B1A8D61-CC76-4E4E-A0CD-9E4FE0C99701}.Debug|x64.Build.0 = Debug|x64
		{9B1A8D61-CC76-4E4E-A0CD-9E4FE0C99701}.Debug|x86.ActiveCfg = Debug|Win32
		{9B1A8D61-CC76-4E4E-A0CD-9E4FE0C99701}.Debug|x86.Build.0 = Debug|Win32
		{9B1A8D61-CC76-4E4E-A0CD-9E4FE0C99701}.Release|x64.ActiveCfg = Release|x64
		{9B1A8D61-CC76-4E4E-A0CD-9E4FE0C99701}.Release|x64.Build.0 = Release|x64
		{9B1A8D61-CC76-4E4E-A0CD-9E4FE0C99701}.Release|x86.ActiveCfg = Release|Win32
		{9B1A8D61-CC76-4E4E-A0CD-9E4FE0C99701}.Release|x86.Build.0 = Release|Win32
		{F415C1B9-61C2-4A3A-BEEA-C8E491431D3E}.Debug|x64.ActiveCfg = Debug|x64
		{F415C1B9-61C2-4A3A-BEEA-C8E491431D3E}.Debug|x64.Build.0 = Debug|x64
		{F415C1B9-61C2-4A3A-BEEA-C8E491431D3E}.Debug|x86.ActiveCfg = Debug|Win32
		{F415C1B9-61C2-4A3A-BEEA-C8E491431D3E}.Debug|x86.Build.0 = Debug|Win32
		{F415C1B9-61C2-4A3A-BEEA-C8E491431D3E}.Release|x64.ActiveCfg = Release|x64
		{F415C1B9-61C2-4A3A-BEEA-C8E491431D3E}.Release|x64.Build.0 = Release|x64
		{F415C1B9-61C2-4A3A-BEEA-C8E491431D3E}.Release|x86.ActiveCfg = Release|Win32
		{F415C1B9-61C2-4A3A-BEEA-C8E491431D3E}.Release|x86.Build.0 = Release|Win32
		{8D9DAE4A-A5DD-441D-8498-E3F8368125E8}.Debug|x64.ActiveCfg = Debug|x64
		{8D9DAE4A-A5DD-441D-8498-E3F8368125E8}.Debug|x64.Build.0 = Debug|x64
		{8D9DAE4A-A5DD-441D-8498-E3F8368125E8}.Debug|x86.ActiveCfg = Debug|Win32
		{8D9DAE4A-A5DD-441D-8498-E3F8368125E8}.Debug|x86.Build.0 = Debug|Win32
		{8D9DAE4A-A5DD-441D-8498-E3F8368125E8}.Release|x64.ActiveCfg = Release|x64
		{8D9DAE4A-A5DD-441D-8498-E3F8368125E8}.Release|x64.Build.0 = Release|x64
		{8D9DAE4A-A5DD-441D-8498-E3F8368125E8}.Release|x86.ActiveCfg = Release|Win32
		{8D9DAE4A-A5DD-441D-8498-E3F8368125E8}.Release|x86.Build.0 = Release|Win32
		{CA79F1B2-F2AD-4F61-8E61-F0D9CCAF2DE6}.Debug|x64.ActiveCfg = Debug|x64
		{CA79F1B2-F2AD-4F61-8E61-F0D9CCAF2DE6}.Debug|x64.Build.0 = Debug|x64
		{CA79F1B2-F2AD-4F61-8E61-F0D9CCAF2DE6}.Debug|x86.ActiveCfg = Debug|Win32
		{CA79F1B2-F2AD-4F61-8E61-F0D9CCAF2DE6}.Debug|x86.Build.0 = Debug|Win32
		{CA79F1B2-F2AD-4F61-8E61-F0D9CCAF2DE6}.Release|x64.ActiveCfg = Release|x64
		{CA79F1B2-F2AD-4F61-8E61-F0D9CCAF2DE6}.Release|x64.Build.0 = Release|x64
		{CA79F1B2-F2AD-4F61-8E61-F0D9CCAF2DE6}.Release|x86.ActiveCfg = Release|Win32
		{CA79F1B2-F2AD-4F61-8E61-F0D9CCAF2DE6}.Release|x86.Build.0 = Release|Win32
		{95AEACF3-8930-495A-AC9E-55C82650C0AE}.Debug|x64.ActiveCfg = Debug|x64
		{95AEACF3-8930-495A-AC9E-55C82650C0AE}.Debug|x64.Build.0 = Debug|x64
		{95AEACF3-8930-495A-AC9E-55C82650C0AE}.Debug|x86.ActiveCfg = Debug|Win32
		{95AEACF3-8930-495A-AC9E-55C82650C0AE}.Debug|x86.Build.0 = Debug|Win32
		{95AEACF3-8930-495A-AC9E-55C82650C0AE}.Release|x64.ActiveCfg = Release|x64
		{95AEACF3-8930-495A-AC9E-55C82650C0AE}.Release|x64.Build.0 = Release|x64
		{95AEACF3-8930-495A-AC9E-55C82650C0AE}.Release|x86.ActiveCfg = Release|Win32
		{95AEACF3-8930-495A-AC9E-55C82650C0AE}.Release|x86.Build.0 = Release|Win32
		{4C942BFD-298F-412E-B4D5-3DF1DB183517}.Debug|x64.ActiveCfg = Debug|x64
		{4C942BFD-298F-412E-B4D5-3DF1DB183517}.Debug|x64.Build.0 = Debug|x64
		{4C942BFD-298F-412E-B4D5-3DF1DB183517}.Debug|x86.ActiveCfg = Debug|Win32
		{4C942BFD-298F-412E-B4D5-3DF1DB183517}.Debug|x86.Build.0 = Debug|Win32
		{4C942BFD-298F-412E-B4D5-3DF1DB183517}.Release|x64.ActiveCfg = Release|x64
		{4C942BFD-298F-412E-B4D5-3DF1DB183517}.Release|x64.Build.0 = Release|x64
		{4C942BFD-298F-412E-B4D5-3DF1DB183517}.Release|x86.ActiveCfg = Release|Win32
		{4C942BFD-298F-412E-B4D5-3DF1DB183517}.Release|x86.Build.0 = Release|Win32
		{FFB5FF5D-3EA3-45F4-8BB6-AD98C38DA29C}.Debug|x64.ActiveCfg = Debug|x64
		{FFB5FF5D-3EA3-45F4-8BB6-AD98C38DA29C}.Debug|x64.Build.0 = Debug|x64
		{FFB5FF5D-3EA3-45F4-8BB6-AD98C38DA29C}.Debug|x86.ActiveCfg = Debug|Win32
		{FFB5FF5D-3EA3-45F4-8BB6-AD98C38DA29C}.Debug|x86.Build.0 = Debug|Win32
		{FFB5FF5D-3EA3-45F4-8BB6-AD98C38DA29C}.Release|x64.ActiveCfg = Release|x64
		{FFB5FF5D-3EA3-45F4-8BB6-AD98C38DA29C}.Release|x64.Build.0 = Release|x64
		{FFB5FF5D-3EA3-45F4-8BB6-AD98C38DA29C}.Release|x86.ActiveCfg = Release|Win32
		{FFB5FF5D-3EA3-45F4-8BB6-AD98C38DA29C}.Release|x86.Build.0 = Release|Win32
		{66A30A34-6546-4442-A88B-4436FCA23A9C}.Debug|x64.ActiveCfg = Debug|x64
		{66A30A34-6546-4442-A88B-4436FCA23A9C}.Debug|x64.Build.0 = Debug|x64
		{66A30A34-6546-4442-A88B-4436FCA23A9C}.Debug|x86.ActiveCfg = Debug|Win32
		{66A30A34-6546-4442-A88B-4436FCA23A9C}.Debug|x86.Build.0 = Debug|Win32
		{66A30A34-6546-4442-A88B-4436FCA23A9C}.Release|x64.ActiveCfg = Release|x64
		{66A30A34-6546-4442-A88B-4436FCA23A9C}.Release|x64.Build.0 = Release|x64
		{66A30A34-6546-4442-A88B-4436FCA23A9C}.Release|x86.ActiveCfg = Release|Win32
		{66A30A34-6546-4442-A88B-4436FCA23A9C}.Release|x86.Build.0 = Release|Win32
		{2E94DEB0-1EF4-4C2A-A788-3BD859624795}.Debug|x64.ActiveCfg = Debug|x64
		{2E94DEB0-1EF4-4C2A-A788-3BD859624795}.Debug|x64.Build.0 = Debug|x64
		{2E94DEB0-1EF4-4C2A-A788-3BD859624795}.Debug|x86.ActiveCfg = Debug|Win32
		{2E94DEB0-1EF4-4C2A-A788-3BD859624795}.Debug|x86.Build.0 = Debug|Win32
		{2E94DEB0-1EF4-4C2A-A788-3BD859624795}.Release|x64.ActiveCfg = Release|x64
		{2E94DEB0-1EF4-4C2A-A788-3BD859624795}.Release|x64.Build.0 = Release|x64
		{2E94DEB0-1EF4-4C2A-A788-3BD859624795}.Release|x86.ActiveCfg = Release|Win32
		{2E94DEB0-1EF4-4C2A-A788-3BD859624795}.Release|x86.Build.0 = Release|Win32
		{F29A7432-D762-4B0C-88E4-2533BF5B8FBB}.Debug|x64.ActiveCfg = Debug|x64
		{F29A7432-D762-4B0C-88E4-2533BF5B8FBB}.Debug|x64.Build.0 = Debug|x64
		{F29A7432-D762-4B0C-88E4-2533BF5B8FBB}.Debug|x86.ActiveCfg = Debug|Win32
		{F29A7432-D762-4B0C-88E4-2533BF5B8FBB}.Debug|x86.Build.0 = Debug|Win32
		{F29A7432-D762-4B0C-88E4-2533BF5B8FBB}.Release|x64.ActiveCfg = Release|x64
		{F29A7432-D762-4B0C-88E4-2533BF5B8FBB}.Release|x64.Build.0 = Release|x64
		{F29A7432-D762-4B0C-88E4-2533BF5B8FBB}.Release|x86.ActiveCfg = Release|Win32
		{F29A7432-D762-4B0C-88E4-2533BF5B8FBB}.Release|x86.Build.0 = Release|Win32
		{89CD0633-DA0C-4029-9794-9DB1D708A8E8}.Debug|x64.ActiveCfg = Debug|x64
		{89CD0633-DA0C-4029-9794-9DB1D708A8E8}.Debug|x64.Build.0 = Debug|x64
		{89CD0633-DA0C-4029-9794-9DB1D708A8E8}.Debug|x86.ActiveCfg = Debug|Win32
		{89CD0633-DA0C-4029-9794-9DB1D708A8E8}.Debug|x86.Build.0 = Debug|Win32
		{89CD0633-DA0C-4029-9794-9DB1D708A8E8}.Release|x64.ActiveCfg = Release|x64
		{89CD0633-DA0C-4029-9794-9DB1D708A8E8}.Release|x64.Build.0 = Release|x64
		{89CD0633-DA0C-4029-9794-9DB1D708A8E8}.Release|x86.ActiveCfg = Release|Win32
		{89CD0633-DA0C-4029-9794-9DB1D708A8E8}.Release|x86.Build.0 = Release|Win32
		{9961466A-692B-4609-84F0-A2A8EA70A5FA}.Debug|x64.ActiveCfg = Debug|x64
		{9961466A-692B-4609-84F0-A2A8EA70A5FA}.Debug|x64.Build.0 = Debug|x64
		{9961466A-692B-4609-84F0-A2A8EA70A5FA}.Debug|x86.ActiveCfg = Debug|Win32
		{9961466A-692B-4609-84F0-A2A8EA70A5FA}.Debug|x86.Build.0 = Debug|Win32
		{9961466A-692B-4609-84F0-A2A8EA70A5FA}.Release|x64.ActiveCfg = Release|x64
		{9961466A-692B-4609-84F0-A2A8EA70A5FA}.Release|x64.Build.0 = Release|x64
		{9961466A-692B-4609-84F0-A2A8EA70A5FA}.Release|x86.ActiveCfg = Release|Win32
		{9961466A-692B-4609-84F0-A2A8EA70A5FA}.Release|x86.Build.0 = Release|Win32
		{B6F2742B-DA70-475F-9A5B-E2431548724C}.Debug|x64.ActiveCfg = Debug|x64
		{B6F2742B-DA70-475F-9A5B-E2431548724C}.Debug|x64.Build.0 = Debug|x64
		{B6F2742B-DA70-475F-9A5B-E2431548724C}.Debug|x86.ActiveCfg = Debug|Win32
		{B6F2742B-DA70-475F-9A5B-E2431548724C}.Debug|x86.Build.0 = Debug|Win32
		{B6F2742B-DA70-475F-9A5B-E2431548724C}.Release|x64.ActiveCfg = Release|x64
		{B6F2742B-DA70-475F-9A5B-E2431548724C}.Release|x64.Build.0 = Release|x64
		{B6F2742B-DA70-475F-9A5B-E2431548724C}.Release|x86.ActiveCfg = Release|Win32
		{B6F2742B-DA70-475F-9A5B-E2431548724C}.Release|x86.Build.0 = Release|Win32
		{DE22960F-40C4-48A3-B014-911073B0AF4F}.Debug|x64.ActiveCfg = Debug|x64
		{DE22960F-40C4-48A3-B014-911073B0AF4F}.Debug|x64.Build.0 = Debug|x64
		{DE22960F-40C4-48A3-B014-911073B0AF4F}.Debug|x86.ActiveCfg = Debug|Win32
		{DE22960F-40C4-48A3-B014-911073B0AF4F}.Debug|x86.Build.0 = Debug|Win32
		{DE22960F-40C4-48A3-B014-911073B0AF4F}.Release|x64.ActiveCfg = Release|x64
		{DE22960F-40C4-48A3-B014-911073B0AF4F}.Release|x64.Build.0 = Release|x64
		{DE22960F-40C4-48A3-B014-911073B0AF4F}.Release|x86.ActiveCfg = Release|Win32
		{DE22960F-40C4-48A3-B014-911073B0AF4F}.Release|x86.Build.0 = Release|Win32
	EndGlobalSection
	GlobalSection(SolutionProperties) = preSolution
		HideSolutionNode = FALSE
	EndGlobalSection
	GlobalSection(ExtensibilityGlobals) = postSolution
		SolutionGuid = {24CBBA3C-4422-42A9-BA2A-B9ABCDD0510C}
	EndGlobalSection
EndGlobal
